
Microsoft Visual Studio Solution File, Format Version 11.00
# Visual Studio 2010
Project("{FAE04EC0-301F-11D3-BF4B-00C04F79EFBC}") = "Assembly-CSharp", "Assembly-CSharp.csproj", "{8de38542-b8d5-a8b8-cd2f-4eec4801c8d8}"
EndProject
Project("{FAE04EC0-301F-11D3-BF4B-00C04F79EFBC}") = "Assembly-CSharp-firstpass", "Assembly-CSharp-firstpass.csproj", "{225c54dd-4c52-d1ef-b23b-796661d9faed}"
EndProject
Project("{FAE04EC0-301F-11D3-BF4B-00C04F79EFBC}") = "Assembly-CSharp-Editor", "Assembly-CSharp-Editor.csproj", "{68c3a8c3-fa0b-1d2b-63ab-76671aa6ed6d}"
EndProject
Project("{FAE04EC0-301F-11D3-BF4B-00C04F79EFBC}") = "Assembly-CSharp-Editor-firstpass", "Assembly-CSharp-Editor-firstpass.csproj", "{5e657411-f1f2-57b5-244b-3b30b515e702}"
EndProject
Global
	GlobalSection(SolutionConfigurationPlatforms) = preSolution
		Debug|Any CPU = Debug|Any CPU
	EndGlobalSection
	GlobalSection(ProjectConfigurationPlatforms) = postSolution
		{8de38542-b8d5-a8b8-cd2f-4eec4801c8d8}.Debug|Any CPU.ActiveCfg = Debug|Any CPU
		{8de38542-b8d5-a8b8-cd2f-4eec4801c8d8}.Debug|Any CPU.Build.0 = Debug|Any CPU
		{225c54dd-4c52-d1ef-b23b-796661d9faed}.Debug|Any CPU.ActiveCfg = Debug|Any CPU
		{225c54dd-4c52-d1ef-b23b-796661d9faed}.Debug|Any CPU.Build.0 = Debug|Any CPU
		{68c3a8c3-fa0b-1d2b-63ab-76671aa6ed6d}.Debug|Any CPU.ActiveCfg = Debug|Any CPU
		{68c3a8c3-fa0b-1d2b-63ab-76671aa6ed6d}.Debug|Any CPU.Build.0 = Debug|Any CPU
		{5e657411-f1f2-57b5-244b-3b30b515e702}.Debug|Any CPU.ActiveCfg = Debug|Any CPU
		{5e657411-f1f2-57b5-244b-3b30b515e702}.Debug|Any CPU.Build.0 = Debug|Any CPU
	EndGlobalSection
	GlobalSection(SolutionProperties) = preSolution
		HideSolutionNode = FALSE
	EndGlobalSection
EndGlobal
