
Microsoft Visual Studio Solution File, Format Version 11.00
# Visual Studio 2010
Project("{FAE04EC0-301F-11D3-BF4B-00C04F79EFBC}") = "Assembly-CSharp", "Assembly-CSharp.csproj", "{24c119f7-680e-f9ff-db11-5c06cb118802}"
EndProject
Project("{FAE04EC0-301F-11D3-BF4B-00C04F79EFBC}") = "Assembly-CSharp-firstpass", "Assembly-CSharp-firstpass.csproj", "{141c4f18-0b2e-5408-fccf-0090d3c39808}"
EndProject
Project("{FAE04EC0-301F-11D3-BF4B-00C04F79EFBC}") = "Assembly-CSharp-Editor", "Assembly-CSharp-Editor.csproj", "{fc66f0fa-592c-543b-c784-fd086a6032ba}"
EndProject
Project("{FAE04EC0-301F-11D3-BF4B-00C04F79EFBC}") = "Assembly-CSharp-Editor-firstpass", "Assembly-CSharp-Editor-firstpass.csproj", "{57001090-c899-2c88-4e7f-9021ad75a34e}"
EndProject
Global
	GlobalSection(SolutionConfigurationPlatforms) = preSolution
		Debug|Any CPU = Debug|Any CPU
	EndGlobalSection
	GlobalSection(ProjectConfigurationPlatforms) = postSolution
		{24c119f7-680e-f9ff-db11-5c06cb118802}.Debug|Any CPU.ActiveCfg = Debug|Any CPU
		{24c119f7-680e-f9ff-db11-5c06cb118802}.Debug|Any CPU.Build.0 = Debug|Any CPU
		{141c4f18-0b2e-5408-fccf-0090d3c39808}.Debug|Any CPU.ActiveCfg = Debug|Any CPU
		{141c4f18-0b2e-5408-fccf-0090d3c39808}.Debug|Any CPU.Build.0 = Debug|Any CPU
		{fc66f0fa-592c-543b-c784-fd086a6032ba}.Debug|Any CPU.ActiveCfg = Debug|Any CPU
		{fc66f0fa-592c-543b-c784-fd086a6032ba}.Debug|Any CPU.Build.0 = Debug|Any CPU
		{57001090-c899-2c88-4e7f-9021ad75a34e}.Debug|Any CPU.ActiveCfg = Debug|Any CPU
		{57001090-c899-2c88-4e7f-9021ad75a34e}.Debug|Any CPU.Build.0 = Debug|Any CPU
	EndGlobalSection
	GlobalSection(SolutionProperties) = preSolution
		HideSolutionNode = FALSE
	EndGlobalSection
EndGlobal
